
Microsoft Visual Studio Solution File, Format Version 12.00
# Visual Studio 15
VisualStudioVersion = 15.0.27428.2002
MinimumVisualStudioVersion = 10.0.40219.1
Project("{9A19103F-16F7-4668-BE54-9A1E7A4F7556}") = "CardWar.Server", "CardWar.Server\CardWar.Server.csproj", "{22189DE1-E114-4CA3-AA96-D271041D18DC}"
EndProject
Project("{9A19103F-16F7-4668-BE54-9A1E7A4F7556}") = "CardWar.TestClient", "CardWar.TestClient\CardWar.TestClient.csproj", "{C3CAA639-02F8-414F-A187-FA81B23D3ED1}"
EndProject
Project("{9A19103F-16F7-4668-BE54-9A1E7A4F7556}") = "CardWar.Messages", "CardWar.Messages\CardWar.Messages.csproj", "{566338DB-2D97-4506-97E6-FF5A07113DA5}"
EndProject
Global
	GlobalSection(SolutionConfigurationPlatforms) = preSolution
		Debug|Any CPU = Debug|Any CPU
		Release|Any CPU = Release|Any CPU
	EndGlobalSection
	GlobalSection(ProjectConfigurationPlatforms) = postSolution
		{22189DE1-E114-4CA3-AA96-D271041D18DC}.Debug|Any CPU.ActiveCfg = Debug|Any CPU
		{22189DE1-E114-4CA3-AA96-D271041D18DC}.Debug|Any CPU.Build.0 = Debug|Any CPU
		{22189DE1-E114-4CA3-AA96-D271041D18DC}.Release|Any CPU.ActiveCfg = Release|Any CPU
		{22189DE1-E114-4CA3-AA96-D271041D18DC}.Release|Any CPU.Build.0 = Release|Any CPU
		{C3CAA639-02F8-414F-A187-FA81B23D3ED1}.Debug|Any CPU.ActiveCfg = Debug|Any CPU
		{C3CAA639-02F8-414F-A187-FA81B23D3ED1}.Debug|Any CPU.Build.0 = Debug|Any CPU
		{C3CAA639-02F8-414F-A187-FA81B23D3ED1}.Release|Any CPU.ActiveCfg = Release|Any CPU
		{C3CAA639-02F8-414F-A187-FA81B23D3ED1}.Release|Any CPU.Build.0 = Release|Any CPU
		{566338DB-2D97-4506-97E6-FF5A07113DA5}.Debug|Any CPU.ActiveCfg = Debug|Any CPU
		{566338DB-2D97-4506-97E6-FF5A07113DA5}.Debug|Any CPU.Build.0 = Debug|Any CPU
		{566338DB-2D97-4506-97E6-FF5A07113DA5}.Release|Any CPU.ActiveCfg = Release|Any CPU
		{566338DB-2D97-4506-97E6-FF5A07113DA5}.Release|Any CPU.Build.0 = Release|Any CPU
	EndGlobalSection
	GlobalSection(SolutionProperties) = preSolution
		HideSolutionNode = FALSE
	EndGlobalSection
	GlobalSection(ExtensibilityGlobals) = postSolution
		SolutionGuid = {75934A8A-0DB9-4084-AE32-F6537E0352AD}
	EndGlobalSection
EndGlobal
